// !$*UTF8*$!
{
	archiveVersion = 1;
	classes = {
	};
	objectVersion = 46;
	objects = {

/* Begin PBXBuildFile section */
		186097A11ABF2C9100BFA375 /* main.m in Sources */ = {isa = PBXBuildFile; fileRef = 186097A01ABF2C9100BFA375 /* main.m */; };
		186097A41ABF2C9100BFA375 /* AppDelegate.m in Sources */ = {isa = PBXBuildFile; fileRef = 186097A31ABF2C9100BFA375 /* AppDelegate.m */; };
		186097A71ABF2C9100BFA375 /* ViewController.m in Sources */ = {isa = PBXBuildFile; fileRef = 186097A61ABF2C9100BFA375 /* ViewController.m */; };
		186097AA1ABF2C9100BFA375 /* Main.storyboard in Resources */ = {isa = PBXBuildFile; fileRef = 186097A81ABF2C9100BFA375 /* Main.storyboard */; };
		186097AC1ABF2C9100BFA375 /* Images.xcassets in Resources */ = {isa = PBXBuildFile; fileRef = 186097AB1ABF2C9100BFA375 /* Images.xcassets */; };
		186097AF1ABF2C9100BFA375 /* LaunchScreen.xib in Resources */ = {isa = PBXBuildFile; fileRef = 186097AD1ABF2C9100BFA375 /* LaunchScreen.xib */; };
		186097BB1ABF2C9100BFA375 /* tableView_____Tests.m in Sources */ = {isa = PBXBuildFile; fileRef = 186097BA1ABF2C9100BFA375 /* tableView_____Tests.m */; };
/* End PBXBuildFile section */

/* Begin PBXContainerItemProxy section */
		186097B51ABF2C9100BFA375 /* PBXContainerItemProxy */ = {
			isa = PBXContainerItemProxy;
			containerPortal = 186097931ABF2C9100BFA375 /* Project object */;
			proxyType = 1;
			remoteGlobalIDString = 1860979A1ABF2C9100BFA375;
			remoteInfo = "tableView数据源封装";
		};
/* End PBXContainerItemProxy section */

/* Begin PBXFileReference section */
		1860979B1ABF2C9100BFA375 /* tableView数据源封装.app */ = {isa = PBXFileReference; explicitFileType = wrapper.application; includeInIndex = 0; path = "tableView数据源封装.app"; sourceTree = BUILT_PRODUCTS_DIR; };
		1860979F1ABF2C9100BFA375 /* Info.plist */ = {isa = PBXFileReference; lastKnownFileType = text.plist.xml; path = Info.plist; sourceTree = "<group>"; };
		186097A01ABF2C9100BFA375 /* main.m */ = {isa = PBXFileReference; lastKnownFileType = sourcecode.c.objc; path = main.m; sourceTree = "<group>"; };
		186097A21ABF2C9100BFA375 /* AppDelegate.h */ = {isa = PBXFileReference; lastKnownFileType = sourcecode.c.h; path = AppDelegate.h; sourceTree = "<group>"; };
		186097A31ABF2C9100BFA375 /* AppDelegate.m */ = {isa = PBXFileReference; lastKnownFileType = sourcecode.c.objc; path = AppDelegate.m; sourceTree = "<group>"; };
		186097A51ABF2C9100BFA375 /* ViewController.h */ = {isa = PBXFileReference; lastKnownFileType = sourcecode.c.h; path = ViewController.h; sourceTree = "<group>"; };
		186097A61ABF2C9100BFA375 /* ViewController.m */ = {isa = PBXFileReference; lastKnownFileType = sourcecode.c.objc; path = ViewController.m; sourceTree = "<group>"; };
		186097A91ABF2C9100BFA375 /* Base */ = {isa = PBXFileReference; lastKnownFileType = file.storyboard; name = Base; path = Base.lproj/Main.storyboard; sourceTree = "<group>"; };
		186097AB1ABF2C9100BFA375 /* Images.xcassets */ = {isa = PBXFileReference; lastKnownFileType = folder.assetcatalog; path = Images.xcassets; sourceTree = "<group>"; };
		186097AE1ABF2C9100BFA375 /* Base */ = {isa = PBXFileReference; lastKnownFileType = file.xib; name = Base; path = Base.lproj/LaunchScreen.xib; sourceTree = "<group>"; };
		186097B41ABF2C9100BFA375 /* tableView数据源封装Tests.xctest */ = {isa = PBXFileReference; explicitFileType = wrapper.cfbundle; includeInIndex = 0; path = "tableView数据源封装Tests.xctest"; sourceTree = BUILT_PRODUCTS_DIR; };
		186097B91ABF2C9100BFA375 /* Info.plist */ = {isa = PBXFileReference; lastKnownFileType = text.plist.xml; path = Info.plist; sourceTree = "<group>"; };
		186097BA1ABF2C9100BFA375 /* tableView_____Tests.m */ = {isa = PBXFileReference; lastKnownFileType = sourcecode.c.objc; path = "tableView_____Tests.m"; sourceTree = "<group>"; };
/* End PBXFileReference section */

/* Begin PBXFrameworksBuildPhase section */
		186097981ABF2C9100BFA375 /* Frameworks */ = {
			isa = PBXFrameworksBuildPhase;
			buildActionMask = 2147483647;
			files = (
			);
			runOnlyForDeploymentPostprocessing = 0;
		};
		186097B11ABF2C9100BFA375 /* Frameworks */ = {
			isa = PBXFrameworksBuildPhase;
			buildActionMask = 2147483647;
			files = (
			);
			runOnlyForDeploymentPostprocessing = 0;
		};
/* End PBXFrameworksBuildPhase section */

/* Begin PBXGroup section */
		186097921ABF2C9100BFA375 = {
			isa = PBXGroup;
			children = (
				1860979D1ABF2C9100BFA375 /* tableView数据源封装 */,
				186097B71ABF2C9100BFA375 /* tableView数据源封装Tests */,
				1860979C1ABF2C9100BFA375 /* Products */,
			);
			sourceTree = "<group>";
		};
		1860979C1ABF2C9100BFA375 /* Products */ = {
			isa = PBXGroup;
			children = (
				1860979B1ABF2C9100BFA375 /* tableView数据源封装.app */,
				186097B41ABF2C9100BFA375 /* tableView数据源封装Tests.xctest */,
			);
			name = Products;
			sourceTree = "<group>";
		};
		1860979D1ABF2C9100BFA375 /* tableView数据源封装 */ = {
			isa = PBXGroup;
			children = (
				186097A21ABF2C9100BFA375 /* AppDelegate.h */,
				186097A31ABF2C9100BFA375 /* AppDelegate.m */,
				186097A51ABF2C9100BFA375 /* ViewController.h */,
				186097A61ABF2C9100BFA375 /* ViewController.m */,
				186097A81ABF2C9100BFA375 /* Main.storyboard */,
				186097AB1ABF2C9100BFA375 /* Images.xcassets */,
				186097AD1ABF2C9100BFA375 /* LaunchScreen.xib */,
				1860979E1ABF2C9100BFA375 /* Supporting Files */,
			);
			path = "tableView数据源封装";
			sourceTree = "<group>";
		};
		1860979E1ABF2C9100BFA375 /* Supporting Files */ = {
			isa = PBXGroup;
			children = (
				1860979F1ABF2C9100BFA375 /* Info.plist */,
				186097A01ABF2C9100BFA375 /* main.m */,
			);
			name = "Supporting Files";
			sourceTree = "<group>";
		};
		186097B71ABF2C9100BFA375 /* tableView数据源封装Tests */ = {
			isa = PBXGroup;
			children = (
				186097BA1ABF2C9100BFA375 /* tableView_____Tests.m */,
				186097B81ABF2C9100BFA375 /* Supporting Files */,
			);
			path = "tableView数据源封装Tests";
			sourceTree = "<group>";
		};
		186097B81ABF2C9100BFA375 /* Supporting Files */ = {
			isa = PBXGroup;
			children = (
				186097B91ABF2C9100BFA375 /* Info.plist */,
			);
			name = "Supporting Files";
			sourceTree = "<group>";
		};
/* End PBXGroup section */

/* Begin PBXNativeTarget section */
		1860979A1ABF2C9100BFA375 /* tableView数据源封装 */ = {
			isa = PBXNativeTarget;
			buildConfigurationList = 186097BE1ABF2C9100BFA375 /* Build configuration list for PBXNativeTarget "tableView数据源封装" */;
			buildPhases = (
				186097971ABF2C9100BFA375 /* Sources */,
				186097981ABF2C9100BFA375 /* Frameworks */,
				186097991ABF2C9100BFA375 /* Resources */,
			);
			buildRules = (
			);
			dependencies = (
			);
			name = "tableView数据源封装";
			productName = "tableView数据源封装";
			productReference = 1860979B1ABF2C9100BFA375 /* tableView数据源封装.app */;
			productType = "com.apple.product-type.application";
		};
		186097B31ABF2C9100BFA375 /* tableView数据源封装Tests */ = {
			isa = PBXNativeTarget;
			buildConfigurationList = 186097C11ABF2C9100BFA375 /* Build configuration list for PBXNativeTarget "tableView数据源封装Tests" */;
			buildPhases = (
				186097B01ABF2C9100BFA375 /* Sources */,
				186097B11ABF2C9100BFA375 /* Frameworks */,
				186097B21ABF2C9100BFA375 /* Resources */,
			);
			buildRules = (
			);
			dependencies = (
				186097B61ABF2C9100BFA375 /* PBXTargetDependency */,
			);
			name = "tableView数据源封装Tests";
			productName = "tableView数据源封装Tests";
			productReference = 186097B41ABF2C9100BFA375 /* tableView数据源封装Tests.xctest */;
			productType = "com.apple.product-type.bundle.unit-test";
		};
/* End PBXNativeTarget section */

/* Begin PBXProject section */
		186097931ABF2C9100BFA375 /* Project object */ = {
			isa = PBXProject;
			attributes = {
				LastUpgradeCheck = 0610;
				ORGANIZATIONNAME = zzp;
				TargetAttributes = {
					1860979A1ABF2C9100BFA375 = {
						CreatedOnToolsVersion = 6.1;
					};
					186097B31ABF2C9100BFA375 = {
						CreatedOnToolsVersion = 6.1;
						TestTargetID = 1860979A1ABF2C9100BFA375;
					};
				};
			};
			buildConfigurationList = 186097961ABF2C9100BFA375 /* Build configuration list for PBXProject "tableView数据源封装" */;
			compatibilityVersion = "Xcode 3.2";
			developmentRegion = English;
			hasScannedForEncodings = 0;
			knownRegions = (
				en,
				Base,
			);
			mainGroup = 186097921ABF2C9100BFA375;
			productRefGroup = 1860979C1ABF2C9100BFA375 /* Products */;
			projectDirPath = "";
			projectRoot = "";
			targets = (
				1860979A1ABF2C9100BFA375 /* tableView数据源封装 */,
				186097B31ABF2C9100BFA375 /* tableView数据源封装Tests */,
			);
		};
/* End PBXProject section */

/* Begin PBXResourcesBuildPhase section */
		186097991ABF2C9100BFA375 /* Resources */ = {
			isa = PBXResourcesBuildPhase;
			buildActionMask = 2147483647;
			files = (
				186097AA1ABF2C9100BFA375 /* Main.storyboard in Resources */,
				186097AF1ABF2C9100BFA375 /* LaunchScreen.xib in Resources */,
				186097AC1ABF2C9100BFA375 /* Images.xcassets in Resources */,
			);
			runOnlyForDeploymentPostprocessing = 0;
		};
		186097B21ABF2C9100BFA375 /* Resources */ = {
			isa = PBXResourcesBuildPhase;
			buildActionMask = 2147483647;
			files = (
			);
			runOnlyForDeploymentPostprocessing = 0;
		};
/* End PBXResourcesBuildPhase section */

/* Begin PBXSourcesBuildPhase section */
		186097971ABF2C9100BFA375 /* Sources */ = {
			isa = PBXSourcesBuildPhase;
			buildActionMask = 2147483647;
			files = (
				186097A71ABF2C9100BFA375 /* ViewController.m in Sources */,
				186097A41ABF2C9100BFA375 /* AppDelegate.m in Sources */,
				186097A11ABF2C9100BFA375 /* main.m in Sources */,
			);
			runOnlyForDeploymentPostprocessing = 0;
		};
		186097B01ABF2C9100BFA375 /* Sources */ = {
			isa = PBXSourcesBuildPhase;
			buildActionMask = 2147483647;
			files = (
				186097BB1ABF2C9100BFA375 /* tableView_____Tests.m in Sources */,
			);
			runOnlyForDeploymentPostprocessing = 0;
		};
/* End PBXSourcesBuildPhase section */

/* Begin PBXTargetDependency section */
		186097B61ABF2C9100BFA375 /* PBXTargetDependency */ = {
			isa = PBXTargetDependency;
			target = 1860979A1ABF2C9100BFA375 /* tableView数据源封装 */;
			targetProxy = 186097B51ABF2C9100BFA375 /* PBXContainerItemProxy */;
		};
/* End PBXTargetDependency section */

/* Begin PBXVariantGroup section */
		186097A81ABF2C9100BFA375 /* Main.storyboard */ = {
			isa = PBXVariantGroup;
			children = (
				186097A91ABF2C9100BFA375 /* Base */,
			);
			name = Main.storyboard;
			sourceTree = "<group>";
		};
		186097AD1ABF2C9100BFA375 /* LaunchScreen.xib */ = {
			isa = PBXVariantGroup;
			children = (
				186097AE1ABF2C9100BFA375 /* Base */,
			);
			name = LaunchScreen.xib;
			sourceTree = "<group>";
		};
/* End PBXVariantGroup section */

/* Begin XCBuildConfiguration section */
		186097BC1ABF2C9100BFA375 /* Debug */ = {
			isa = XCBuildConfiguration;
			buildSettings = {
				ALWAYS_SEARCH_USER_PATHS = NO;
				CLANG_CXX_LANGUAGE_STANDARD = "gnu++0x";
				CLANG_CXX_LIBRARY = "libc++";
				CLANG_ENABLE_MODULES = YES;
				CLANG_ENABLE_OBJC_ARC = YES;
				CLANG_WARN_BOOL_CONVERSION = YES;
				CLANG_WARN_CONSTANT_CONVERSION = YES;
				CLANG_WARN_DIRECT_OBJC_ISA_USAGE = YES_ERROR;
				CLANG_WARN_EMPTY_BODY = YES;
				CLANG_WARN_ENUM_CONVERSION = YES;
				CLANG_WARN_INT_CONVERSION = YES;
				CLANG_WARN_OBJC_ROOT_CLASS = YES_ERROR;
				CLANG_WARN_UNREACHABLE_CODE = YES;
				CLANG_WARN__DUPLICATE_METHOD_MATCH = YES;
				"CODE_SIGN_IDENTITY[sdk=iphoneos*]" = "iPhone Developer";
				COPY_PHASE_STRIP = NO;
				ENABLE_STRICT_OBJC_MSGSEND = YES;
				GCC_C_LANGUAGE_STANDARD = gnu99;
				GCC_DYNAMIC_NO_PIC = NO;
				GCC_OPTIMIZATION_LEVEL = 0;
				GCC_PREPROCESSOR_DEFINITIONS = (
					"DEBUG=1",
					"$(inherited)",
				);
				GCC_SYMBOLS_PRIVATE_EXTERN = NO;
				GCC_WARN_64_TO_32_BIT_CONVERSION = YES;
				GCC_WARN_ABOUT_RETURN_TYPE = YES_ERROR;
				GCC_WARN_UNDECLARED_SELECTOR = YES;
				GCC_WARN_UNINITIALIZED_AUTOS = YES_AGGRESSIVE;
				GCC_WARN_UNUSED_FUNCTION = YES;
				GCC_WARN_UNUSED_VARIABLE = YES;
				IPHONEOS_DEPLOYMENT_TARGET = 8.1;
				MTL_ENABLE_DEBUG_INFO = YES;
				ONLY_ACTIVE_ARCH = YES;
				SDKROOT = iphoneos;
				TARGETED_DEVICE_FAMILY = "1,2";
			};
			name = Debug;
		};
		186097BD1ABF2C9100BFA375 /* Release */ = {
			isa = XCBuildConfiguration;
			buildSettings = {
				ALWAYS_SEARCH_USER_PATHS = NO;
				CLANG_CXX_LANGUAGE_STANDARD = "gnu++0x";
				CLANG_CXX_LIBRARY = "libc++";
				CLANG_ENABLE_MODULES = YES;
				CLANG_ENABLE_OBJC_ARC = YES;
				CLANG_WARN_BOOL_CONVERSION = YES;
				CLANG_WARN_CONSTANT_CONVERSION = YES;
				CLANG_WARN_DIRECT_OBJC_ISA_USAGE = YES_ERROR;
				CLANG_WARN_EMPTY_BODY = YES;
				CLANG_WARN_ENUM_CONVERSION = YES;
				CLANG_WARN_INT_CONVERSION = YES;
				CLANG_WARN_OBJC_ROOT_CLASS = YES_ERROR;
				CLANG_WARN_UNREACHABLE_CODE = YES;
				CLANG_WARN__DUPLICATE_METHOD_MATCH = YES;
				"CODE_SIGN_IDENTITY[sdk=iphoneos*]" = "iPhone Developer";
				COPY_PHASE_STRIP = YES;
				ENABLE_NS_ASSERTIONS = NO;
				ENABLE_STRICT_OBJC_MSGSEND = YES;
				GCC_C_LANGUAGE_STANDARD = gnu99;
				GCC_WARN_64_TO_32_BIT_CONVERSION = YES;
				GCC_WARN_ABOUT_RETURN_TYPE = YES_ERROR;
				GCC_WARN_UNDECLARED_SELECTOR = YES;
				GCC_WARN_UNINITIALIZED_AUTOS = YES_AGGRESSIVE;
				GCC_WARN_UNUSED_FUNCTION = YES;
				GCC_WARN_UNUSED_VARIABLE = YES;
				IPHONEOS_DEPLOYMENT_TARGET = 8.1;
				MTL_ENABLE_DEBUG_INFO = NO;
				SDKROOT = iphoneos;
				TARGETED_DEVICE_FAMILY = "1,2";
				VALIDATE_PRODUCT = YES;
			};
			name = Release;
		};
		186097BF1ABF2C9100BFA375 /* Debug */ = {
			isa = XCBuildConfiguration;
			buildSettings = {
				ASSETCATALOG_COMPILER_APPICON_NAME = AppIcon;
				INFOPLIST_FILE = "tableView数据源封装/Info.plist";
				LD_RUNPATH_SEARCH_PATHS = "$(inherited) @executable_path/Frameworks";
				PRODUCT_NAME = "$(TARGET_NAME)";
			};
			name = Debug;
		};
		186097C01ABF2C9100BFA375 /* Release */ = {
			isa = XCBuildConfiguration;
			buildSettings = {
				ASSETCATALOG_COMPILER_APPICON_NAME = AppIcon;
				INFOPLIST_FILE = "tableView数据源封装/Info.plist";
				LD_RUNPATH_SEARCH_PATHS = "$(inherited) @executable_path/Frameworks";
				PRODUCT_NAME = "$(TARGET_NAME)";
			};
			name = Release;
		};
		186097C21ABF2C9100BFA375 /* Debug */ = {
			isa = XCBuildConfiguration;
			buildSettings = {
				BUNDLE_LOADER = "$(TEST_HOST)";
				FRAMEWORK_SEARCH_PATHS = (
					"$(SDKROOT)/Developer/Library/Frameworks",
					"$(inherited)",
				);
				GCC_PREPROCESSOR_DEFINITIONS = (
					"DEBUG=1",
					"$(inherited)",
				);
				INFOPLIST_FILE = "tableView数据源封装Tests/Info.plist";
				LD_RUNPATH_SEARCH_PATHS = "$(inherited) @executable_path/Frameworks @loader_path/Frameworks";
				PRODUCT_NAME = "$(TARGET_NAME)";
				TEST_HOST = "$(BUILT_PRODUCTS_DIR)/tableView数据源封装.app/tableView数据源封装";
			};
			name = Debug;
		};
		186097C31ABF2C9100BFA375 /* Release */ = {
			isa = XCBuildConfiguration;
			buildSettings = {
				BUNDLE_LOADER = "$(TEST_HOST)";
				FRAMEWORK_SEARCH_PATHS = (
					"$(SDKROOT)/Developer/Library/Frameworks",
					"$(inherited)",
				);
				INFOPLIST_FILE = "tableView数据源封装Tests/Info.plist";
				LD_RUNPATH_SEARCH_PATHS = "$(inherited) @executable_path/Frameworks @loader_path/Frameworks";
				PRODUCT_NAME = "$(TARGET_NAME)";
				TEST_HOST = "$(BUILT_PRODUCTS_DIR)/tableView数据源封装.app/tableView数据源封装";
			};
			name = Release;
		};
/* End XCBuildConfiguration section */

/* Begin XCConfigurationList section */
		186097961ABF2C9100BFA375 /* Build configuration list for PBXProject "tableView数据源封装" */ = {
			isa = XCConfigurationList;
			buildConfigurations = (
				186097BC1ABF2C9100BFA375 /* Debug */,
				186097BD1ABF2C9100BFA375 /* Release */,
			);
			defaultConfigurationIsVisible = 0;
			defaultConfigurationName = Release;
		};
		186097BE1ABF2C9100BFA375 /* Build configuration list for PBXNativeTarget "tableView数据源封装" */ = {
			isa = XCConfigurationList;
			buildConfigurations = (
				186097BF1ABF2C9100BFA375 /* Debug */,
				186097C01ABF2C9100BFA375 /* Release */,
			);
			defaultConfigurationIsVisible = 0;
		};
		186097C11ABF2C9100BFA375 /* Build configuration list for PBXNativeTarget "tableView数据源封装Tests" */ = {
			isa = XCConfigurationList;
			buildConfigurations = (
				186097C21ABF2C9100BFA375 /* Debug */,
				186097C31ABF2C9100BFA375 /* Release */,
			);
			defaultConfigurationIsVisible = 0;
		};
/* End XCConfigurationList section */
	};
	rootObject = 186097931ABF2C9100BFA375 /* Project object */;
}
